
Microsoft Visual Studio Solution File, Format Version 12.00
# Visual Studio 15
VisualStudioVersion = 15.0.28307.572
MinimumVisualStudioVersion = 10.0.40219.1
Project("{FAE04EC0-301F-11D3-BF4B-00C04F79EFBC}") = "FoodGenerator", "FoodGenerator\FoodGenerator.csproj", "{07505C08-9D5C-4064-A1A7-11F4A22743CE}"
EndProject
Global
	GlobalSection(SolutionConfigurationPlatforms) = preSolution
		Debug|Any CPU = Debug|Any CPU
		Release|Any CPU = Release|Any CPU
	EndGlobalSection
	GlobalSection(ProjectConfigurationPlatforms) = postSolution
		{07505C08-9D5C-4064-A1A7-11F4A22743CE}.Debug|Any CPU.ActiveCfg = Debug|Any CPU
		{07505C08-9D5C-4064-A1A7-11F4A22743CE}.Debug|Any CPU.Build.0 = Debug|Any CPU
		{07505C08-9D5C-4064-A1A7-11F4A22743CE}.Release|Any CPU.ActiveCfg = Release|Any CPU
		{07505C08-9D5C-4064-A1A7-11F4A22743CE}.Release|Any CPU.Build.0 = Release|Any CPU
	EndGlobalSection
	GlobalSection(SolutionProperties) = preSolution
		HideSolutionNode = FALSE
	EndGlobalSection
	GlobalSection(ExtensibilityGlobals) = postSolution
		SolutionGuid = {481ECDDF-308C-4A8F-8E0F-3A2A94CF30B5}
	EndGlobalSection
EndGlobal
